
Microsoft Visual Studio Solution File, Format Version 12.00
# Visual Studio Version 16
VisualStudioVersion = 16.0.30413.136
MinimumVisualStudioVersion = 10.0.40219.1
Project("{FAE04EC0-301F-11D3-BF4B-00C04F79EFBC}") = "Caviris_MIS4200", "Caviris_MIS4200.csproj", "{5245A480-78C1-4414-A479-455168583941}"
EndProject
Global
	GlobalSection(SolutionConfigurationPlatforms) = preSolution
		Debug|Any CPU = Debug|Any CPU
		Release|Any CPU = Release|Any CPU
	EndGlobalSection
	GlobalSection(ProjectConfigurationPlatforms) = postSolution
		{5245A480-78C1-4414-A479-455168583941}.Debug|Any CPU.ActiveCfg = Debug|Any CPU
		{5245A480-78C1-4414-A479-455168583941}.Debug|Any CPU.Build.0 = Debug|Any CPU
		{5245A480-78C1-4414-A479-455168583941}.Release|Any CPU.ActiveCfg = Release|Any CPU
		{5245A480-78C1-4414-A479-455168583941}.Release|Any CPU.Build.0 = Release|Any CPU
	EndGlobalSection
	GlobalSection(SolutionProperties) = preSolution
		HideSolutionNode = FALSE
	EndGlobalSection
	GlobalSection(ExtensibilityGlobals) = postSolution
		SolutionGuid = {ACBA05F4-2E12-45DF-BE91-84D6E578C96C}
	EndGlobalSection
EndGlobal
